# This file is autogenerated, do not edit; changes may be undone by the next 'dep ensure'.


[[projects]]
  digest = "1:a0476e860aa63a6901467374135c26fd09e00142d46582afc8f88a97db4beb1f"
  name = "github.com/agnivade/levenshtein"
  packages = ["."]
  pruneopts = ""
  revision = "5f1ee18e3efadffd18ef076ac4181cc92d87188c"
  version = "v1.0.3"

[[projects]]
  digest = "1:d37b5cbae31a6d3685931cdb7d355e650a5dcb265dc340b57b6f17158234bd38"
  name = "github.com/aws/aws-lambda-go"
  packages = [
    "events",
    "lambda",
    "lambda/handlertrace",
    "lambda/messages",
    "lambdacontext",
  ]
  pruneopts = ""
  revision = "b5b7267d297de263cc5b61f8c37543daa9c95ffd"
  version = "v1.13.3"

[[projects]]
  digest = "1:96dafb8bf6c23588e7351a4fe88e1648a67fb5c674b005b3221ec4d5463ca7a7"
  name = "github.com/aws/aws-sdk-go"
  packages = [
    "aws",
    "aws/awserr",
    "aws/awsutil",
    "aws/client",
    "aws/client/metadata",
    "aws/corehandlers",
    "aws/credentials",
    "aws/credentials/ec2rolecreds",
    "aws/credentials/endpointcreds",
    "aws/credentials/processcreds",
    "aws/credentials/stscreds",
    "aws/crr",
    "aws/csm",
    "aws/defaults",
    "aws/ec2metadata",
    "aws/endpoints",
    "aws/request",
    "aws/session",
    "aws/signer/v4",
    "internal/ini",
    "internal/sdkio",
    "internal/sdkmath",
    "internal/sdkrand",
    "internal/sdkuri",
    "internal/shareddefaults",
    "private/protocol",
    "private/protocol/json/jsonutil",
    "private/protocol/jsonrpc",
    "private/protocol/query",
    "private/protocol/query/queryutil",
    "private/protocol/rest",
    "private/protocol/xml/xmlutil",
    "service/dynamodb",
    "service/dynamodb/dynamodbattribute",
    "service/dynamodb/dynamodbiface",
    "service/sts",
    "service/sts/stsiface",
  ]
  pruneopts = ""
  revision = "fcbfc357f185c1d55e2c37626357ec92abd52286"
  version = "v1.26.8"

[[projects]]
  digest = "1:ba918e64f703d44227140ddebf61366e43c6adf9e0aa41beb21ac6b22a07b892"
  name = "github.com/cenkalti/backoff"
  packages = ["."]
  pruneopts = ""
  revision = "a9a4cec6c9a26336ca42700ccc319ca842be56c0"
  version = "v4.0.0"

[[projects]]
  digest = "1:141cc9fc6279592458b304038bd16a05ef477d125c6dad281216345a11746fd7"
  name = "github.com/gofrs/uuid"
  packages = ["."]
  pruneopts = ""
  revision = "6b08a5c5172ba18946672b49749cde22873dd7c2"
  version = "v3.2.0"

[[projects]]
  digest = "1:ad92aa49f34cbc3546063c7eb2cabb55ee2278b72842eda80e2a20a8a06a8d73"
  name = "github.com/google/uuid"
  packages = ["."]
  pruneopts = ""
  revision = "0cd6bf5da1e1c83f8b45653022c74f71af0538a4"
  version = "v1.1.1"

[[projects]]
  digest = "1:049a17ad76647513165b71e209cf17fb672c8dee97353b460ef05a0236e666b4"
  name = "github.com/guregu/dynamo"
  packages = [
    ".",
    "internal/exprs",
  ]
  pruneopts = ""
  revision = "e06da25634ffcb7ea76d3913a70b2ad24e8ded81"
  version = "v1.5.0"

[[projects]]
  digest = "1:13fe471d0ed891e8544eddfeeb0471fd3c9f2015609a1c000aefdedf52a19d40"
  name = "github.com/jmespath/go-jmespath"
  packages = ["."]
  pruneopts = ""
  revision = "c2b33e84"

[[projects]]
  branch = "master"
  digest = "1:cab37ea831bb9be343b41a7673e64b6bb8399bc0f051180c04ce561573ed2c89"
  name = "golang.org/x/net"
  packages = ["context"]
  pruneopts = ""
  revision = "c0dbc17a35534bf2e581d7a942408dc936316da4"

[solve-meta]
  analyzer-name = "dep"
  analyzer-version = 1
  input-imports = [
    "github.com/agnivade/levenshtein",
    "github.com/aws/aws-lambda-go/events",
    "github.com/aws/aws-lambda-go/lambda",
    "github.com/aws/aws-sdk-go/aws",
    "github.com/aws/aws-sdk-go/aws/session",
    "github.com/google/uuid",
    "github.com/guregu/dynamo",
  ]
  solver-name = "gps-cdcl"
  solver-version = 1
